
Microsoft Visual Studio Solution File, Format Version 12.00
# Visual Studio Version 16
VisualStudioVersion = 16.0.29215.179
MinimumVisualStudioVersion = 10.0.40219.1
Project("{888888A0-9F3D-457C-B088-3A5042F75D52}") = "IrisML", "IrisML\IrisML.pyproj", "{DCCF66F1-FC8A-47BF-9950-CC407E8C8C1A}"
EndProject
Global
	GlobalSection(SolutionConfigurationPlatforms) = preSolution
		Debug|Any CPU = Debug|Any CPU
		Release|Any CPU = Release|Any CPU
	EndGlobalSection
	GlobalSection(ProjectConfigurationPlatforms) = postSolution
		{DCCF66F1-FC8A-47BF-9950-CC407E8C8C1A}.Debug|Any CPU.ActiveCfg = Debug|Any CPU
		{DCCF66F1-FC8A-47BF-9950-CC407E8C8C1A}.Release|Any CPU.ActiveCfg = Release|Any CPU
	EndGlobalSection
	GlobalSection(SolutionProperties) = preSolution
		HideSolutionNode = FALSE
	EndGlobalSection
	GlobalSection(ExtensibilityGlobals) = postSolution
		SolutionGuid = {5DC308AB-DCEF-4E75-B557-74F4A4A01C70}
	EndGlobalSection
EndGlobal
